
Microsoft Visual Studio Solution File, Format Version 12.00
# Visual Studio Version 17
VisualStudioVersion = 17.0.32112.339
MinimumVisualStudioVersion = 10.0.40219.1
Project("{9A19103F-16F7-4668-BE54-9A1E7A4F7556}") = "Proj4Net.Tests", "Proj4Net.Tests\Proj4Net.Tests.csproj", "{BF51F808-13A3-44E6-8F74-20686AFAEA76}"
EndProject
Project("{9A19103F-16F7-4668-BE54-9A1E7A4F7556}") = "Proj4Net", "Proj4Net\Proj4Net.csproj", "{E0C8CE89-476A-42D8-A7D8-7D473243BBAC}"
EndProject
Global
	GlobalSection(SolutionConfigurationPlatforms) = preSolution
		Debug_Internal|Any CPU = Debug_Internal|Any CPU
		Debug|Any CPU = Debug|Any CPU
		Release_Internal|Any CPU = Release_Internal|Any CPU
		Release|Any CPU = Release|Any CPU
	EndGlobalSection
	GlobalSection(ProjectConfigurationPlatforms) = postSolution
		{BF51F808-13A3-44E6-8F74-20686AFAEA76}.Debug_Internal|Any CPU.ActiveCfg = Release|x64
		{BF51F808-13A3-44E6-8F74-20686AFAEA76}.Debug_Internal|Any CPU.Build.0 = Release|x64
		{BF51F808-13A3-44E6-8F74-20686AFAEA76}.Debug|Any CPU.ActiveCfg = Debug|x64
		{BF51F808-13A3-44E6-8F74-20686AFAEA76}.Debug|Any CPU.Build.0 = Debug|x64
		{BF51F808-13A3-44E6-8F74-20686AFAEA76}.Release_Internal|Any CPU.ActiveCfg = Release|x64
		{BF51F808-13A3-44E6-8F74-20686AFAEA76}.Release_Internal|Any CPU.Build.0 = Release|x64
		{BF51F808-13A3-44E6-8F74-20686AFAEA76}.Release|Any CPU.ActiveCfg = Release|x64
		{E0C8CE89-476A-42D8-A7D8-7D473243BBAC}.Debug_Internal|Any CPU.ActiveCfg = Debug_Internal|Any CPU
		{E0C8CE89-476A-42D8-A7D8-7D473243BBAC}.Debug_Internal|Any CPU.Build.0 = Debug_Internal|Any CPU
		{E0C8CE89-476A-42D8-A7D8-7D473243BBAC}.Debug|Any CPU.ActiveCfg = Debug|Any CPU
		{E0C8CE89-476A-42D8-A7D8-7D473243BBAC}.Debug|Any CPU.Build.0 = Debug|Any CPU
		{E0C8CE89-476A-42D8-A7D8-7D473243BBAC}.Release_Internal|Any CPU.ActiveCfg = Release_Internal|Any CPU
		{E0C8CE89-476A-42D8-A7D8-7D473243BBAC}.Release_Internal|Any CPU.Build.0 = Release_Internal|Any CPU
		{E0C8CE89-476A-42D8-A7D8-7D473243BBAC}.Release|Any CPU.ActiveCfg = Release|Any CPU
		{E0C8CE89-476A-42D8-A7D8-7D473243BBAC}.Release|Any CPU.Build.0 = Release|Any CPU
	EndGlobalSection
	GlobalSection(SolutionProperties) = preSolution
		HideSolutionNode = FALSE
	EndGlobalSection
	GlobalSection(ExtensibilityGlobals) = postSolution
		SolutionGuid = {044E2473-C20E-41E4-B94C-3CC3AA3094D1}
	EndGlobalSection
EndGlobal
